
Microsoft Visual Studio Solution File, Format Version 12.00
# Visual Studio Version 17
VisualStudioVersion = 17.5.33516.290
MinimumVisualStudioVersion = 10.0.40219.1
Project("{FAE04EC0-301F-11D3-BF4B-00C04F79EFBC}") = "HelloName", "HelloName.csproj", "{3A3156C2-EC90-45B5-9A7D-0E030031EC0C}"
EndProject
Global
	GlobalSection(SolutionConfigurationPlatforms) = preSolution
		Debug|Any CPU = Debug|Any CPU
		Release|Any CPU = Release|Any CPU
	EndGlobalSection
	GlobalSection(ProjectConfigurationPlatforms) = postSolution
		{3A3156C2-EC90-45B5-9A7D-0E030031EC0C}.Debug|Any CPU.ActiveCfg = Debug|Any CPU
		{3A3156C2-EC90-45B5-9A7D-0E030031EC0C}.Debug|Any CPU.Build.0 = Debug|Any CPU
		{3A3156C2-EC90-45B5-9A7D-0E030031EC0C}.Release|Any CPU.ActiveCfg = Release|Any CPU
		{3A3156C2-EC90-45B5-9A7D-0E030031EC0C}.Release|Any CPU.Build.0 = Release|Any CPU
	EndGlobalSection
	GlobalSection(SolutionProperties) = preSolution
		HideSolutionNode = FALSE
	EndGlobalSection
	GlobalSection(ExtensibilityGlobals) = postSolution
		SolutionGuid = {D07683DE-8098-4047-B769-16A9E9EBE9F4}
	EndGlobalSection
EndGlobal
